
Microsoft Visual Studio Solution File, Format Version 12.00
# Visual Studio Version 16
VisualStudioVersion = 16.0.30804.86
MinimumVisualStudioVersion = 10.0.40219.1
Project("{FAE04EC0-301F-11D3-BF4B-00C04F79EFBC}") = "SaladSlicer", "SaladSlicer\SaladSlicer.csproj", "{9CFFC6CE-96AF-4513-A4EB-9A2B00A2D6C9}"
EndProject
Project("{FAE04EC0-301F-11D3-BF4B-00C04F79EFBC}") = "SaladSlicer.Gh", "SaladSlicer.Gh\SaladSlicer.Gh.csproj", "{8D02B62A-118C-4117-ABBA-986F2784A645}"
EndProject
Global
	GlobalSection(SolutionConfigurationPlatforms) = preSolution
		Debug|Any CPU = Debug|Any CPU
		Release|Any CPU = Release|Any CPU
	EndGlobalSection
	GlobalSection(ProjectConfigurationPlatforms) = postSolution
		{9CFFC6CE-96AF-4513-A4EB-9A2B00A2D6C9}.Debug|Any CPU.ActiveCfg = Debug|Any CPU
		{9CFFC6CE-96AF-4513-A4EB-9A2B00A2D6C9}.Debug|Any CPU.Build.0 = Debug|Any CPU
		{9CFFC6CE-96AF-4513-A4EB-9A2B00A2D6C9}.Release|Any CPU.ActiveCfg = Release|Any CPU
		{9CFFC6CE-96AF-4513-A4EB-9A2B00A2D6C9}.Release|Any CPU.Build.0 = Release|Any CPU
		{8D02B62A-118C-4117-ABBA-986F2784A645}.Debug|Any CPU.ActiveCfg = Debug|Any CPU
		{8D02B62A-118C-4117-ABBA-986F2784A645}.Debug|Any CPU.Build.0 = Debug|Any CPU
		{8D02B62A-118C-4117-ABBA-986F2784A645}.Release|Any CPU.ActiveCfg = Release|Any CPU
		{8D02B62A-118C-4117-ABBA-986F2784A645}.Release|Any CPU.Build.0 = Release|Any CPU
	EndGlobalSection
	GlobalSection(SolutionProperties) = preSolution
		HideSolutionNode = FALSE
	EndGlobalSection
	GlobalSection(ExtensibilityGlobals) = postSolution
		SolutionGuid = {D86FC3D9-96A9-490A-98C2-7B5C786EA6A8}
	EndGlobalSection
EndGlobal
